
Microsoft Visual Studio Solution File, Format Version 12.00
# Visual Studio Version 17
VisualStudioVersion = 17.1.32414.318
MinimumVisualStudioVersion = 10.0.40219.1
Project("{9A19103F-16F7-4668-BE54-9A1E7A4F7556}") = "Our.Umbraco.RandomTokenGenerator", "Our.Umbraco.RandomTokenGenerator.csproj", "{05CC63B7-481D-421E-8163-3FA03646AEAC}"
EndProject
Global
	GlobalSection(SolutionConfigurationPlatforms) = preSolution
		Debug|Any CPU = Debug|Any CPU
		Release|Any CPU = Release|Any CPU
	EndGlobalSection
	GlobalSection(ProjectConfigurationPlatforms) = postSolution
		{05CC63B7-481D-421E-8163-3FA03646AEAC}.Debug|Any CPU.ActiveCfg = Debug|Any CPU
		{05CC63B7-481D-421E-8163-3FA03646AEAC}.Debug|Any CPU.Build.0 = Debug|Any CPU
		{05CC63B7-481D-421E-8163-3FA03646AEAC}.Release|Any CPU.ActiveCfg = Release|Any CPU
		{05CC63B7-481D-421E-8163-3FA03646AEAC}.Release|Any CPU.Build.0 = Release|Any CPU
	EndGlobalSection
	GlobalSection(SolutionProperties) = preSolution
		HideSolutionNode = FALSE
	EndGlobalSection
	GlobalSection(ExtensibilityGlobals) = postSolution
		SolutionGuid = {077E45B5-F150-4134-BE40-0EAC504FF0E3}
	EndGlobalSection
EndGlobal
